
Microsoft Visual Studio Solution File, Format Version 12.00
# Visual Studio Version 17
VisualStudioVersion = 17.4.33122.133
MinimumVisualStudioVersion = 10.0.40219.1
Project("{FAE04EC0-301F-11D3-BF4B-00C04F79EFBC}") = "solution-wpfapp", "solution-wpfapp.csproj", "{740C9682-45DD-4C36-AA97-B1F44FAC19D2}"
EndProject
Global
	GlobalSection(SolutionConfigurationPlatforms) = preSolution
		Debug|Any CPU = Debug|Any CPU
		Release|Any CPU = Release|Any CPU
	EndGlobalSection
	GlobalSection(ProjectConfigurationPlatforms) = postSolution
		{740C9682-45DD-4C36-AA97-B1F44FAC19D2}.Debug|Any CPU.ActiveCfg = Debug|Any CPU
		{740C9682-45DD-4C36-AA97-B1F44FAC19D2}.Debug|Any CPU.Build.0 = Debug|Any CPU
		{740C9682-45DD-4C36-AA97-B1F44FAC19D2}.Release|Any CPU.ActiveCfg = Release|Any CPU
		{740C9682-45DD-4C36-AA97-B1F44FAC19D2}.Release|Any CPU.Build.0 = Release|Any CPU
	EndGlobalSection
	GlobalSection(SolutionProperties) = preSolution
		HideSolutionNode = FALSE
	EndGlobalSection
	GlobalSection(ExtensibilityGlobals) = postSolution
		SolutionGuid = {A8771945-02A9-4EBE-B060-183C11ACF51D}
	EndGlobalSection
EndGlobal
